
Microsoft Visual Studio Solution File, Format Version 12.00
# Visual Studio Version 17
VisualStudioVersion = 17.13.35919.96
MinimumVisualStudioVersion = 10.0.40219.1
Project("{FAE04EC0-301F-11D3-BF4B-00C04F79EFBC}") = "FinancialSystem.Web", "FinancialSystem.Web\FinancialSystem.Web.csproj", "{B6837355-AD26-4EC5-AFB6-B0D2441703B5}"
EndProject
Project("{FAE04EC0-301F-11D3-BF4B-00C04F79EFBC}") = "FinancialSystem.Application", "FinancialSystem.Application\FinancialSystem.Application.csproj", "{995AC664-D727-44E1-BDBD-6009715E1D64}"
EndProject
Project("{FAE04EC0-301F-11D3-BF4B-00C04F79EFBC}") = "FinancialSystem.Application.Shared", "FinancialSystem.Application.Shared\FinancialSystem.Application.Shared.csproj", "{E04F21E2-0459-4321-8076-D5AECD987FAE}"
EndProject
Project("{FAE04EC0-301F-11D3-BF4B-00C04F79EFBC}") = "FinancialSystem.Core", "FinancialSystem.Core\FinancialSystem.Core.csproj", "{54C181C5-2D4C-484B-8D53-5E7CD4BD7361}"
EndProject
Project("{FAE04EC0-301F-11D3-BF4B-00C04F79EFBC}") = "FinancialSystem.EntityFrameworkCore", "FinancialSystem.EntityFrameworkCore\FinancialSystem.EntityFrameworkCore.csproj", "{F4CBD95C-20CE-4FDC-80F5-17DB62C0976F}"
EndProject
Project("{FAE04EC0-301F-11D3-BF4B-00C04F79EFBC}") = "FinancialSystem.Test", "FinancialSystem.Test\FinancialSystem.Test.csproj", "{B7701ABD-5E7F-4D06-8C3D-2D83E23DC73B}"
EndProject
Global
	GlobalSection(SolutionConfigurationPlatforms) = preSolution
		Debug|Any CPU = Debug|Any CPU
		Release|Any CPU = Release|Any CPU
	EndGlobalSection
	GlobalSection(ProjectConfigurationPlatforms) = postSolution
		{B6837355-AD26-4EC5-AFB6-B0D2441703B5}.Debug|Any CPU.ActiveCfg = Debug|Any CPU
		{B6837355-AD26-4EC5-AFB6-B0D2441703B5}.Debug|Any CPU.Build.0 = Debug|Any CPU
		{B6837355-AD26-4EC5-AFB6-B0D2441703B5}.Release|Any CPU.ActiveCfg = Release|Any CPU
		{B6837355-AD26-4EC5-AFB6-B0D2441703B5}.Release|Any CPU.Build.0 = Release|Any CPU
		{995AC664-D727-44E1-BDBD-6009715E1D64}.Debug|Any CPU.ActiveCfg = Debug|Any CPU
		{995AC664-D727-44E1-BDBD-6009715E1D64}.Debug|Any CPU.Build.0 = Debug|Any CPU
		{995AC664-D727-44E1-BDBD-6009715E1D64}.Release|Any CPU.ActiveCfg = Release|Any CPU
		{995AC664-D727-44E1-BDBD-6009715E1D64}.Release|Any CPU.Build.0 = Release|Any CPU
		{E04F21E2-0459-4321-8076-D5AECD987FAE}.Debug|Any CPU.ActiveCfg = Debug|Any CPU
		{E04F21E2-0459-4321-8076-D5AECD987FAE}.Debug|Any CPU.Build.0 = Debug|Any CPU
		{E04F21E2-0459-4321-8076-D5AECD987FAE}.Release|Any CPU.ActiveCfg = Release|Any CPU
		{E04F21E2-0459-4321-8076-D5AECD987FAE}.Release|Any CPU.Build.0 = Release|Any CPU
		{54C181C5-2D4C-484B-8D53-5E7CD4BD7361}.Debug|Any CPU.ActiveCfg = Debug|Any CPU
		{54C181C5-2D4C-484B-8D53-5E7CD4BD7361}.Debug|Any CPU.Build.0 = Debug|Any CPU
		{54C181C5-2D4C-484B-8D53-5E7CD4BD7361}.Release|Any CPU.ActiveCfg = Release|Any CPU
		{54C181C5-2D4C-484B-8D53-5E7CD4BD7361}.Release|Any CPU.Build.0 = Release|Any CPU
		{F4CBD95C-20CE-4FDC-80F5-17DB62C0976F}.Debug|Any CPU.ActiveCfg = Debug|Any CPU
		{F4CBD95C-20CE-4FDC-80F5-17DB62C0976F}.Debug|Any CPU.Build.0 = Debug|Any CPU
		{F4CBD95C-20CE-4FDC-80F5-17DB62C0976F}.Release|Any CPU.ActiveCfg = Release|Any CPU
		{F4CBD95C-20CE-4FDC-80F5-17DB62C0976F}.Release|Any CPU.Build.0 = Release|Any CPU
		{B7701ABD-5E7F-4D06-8C3D-2D83E23DC73B}.Debug|Any CPU.ActiveCfg = Debug|Any CPU
		{B7701ABD-5E7F-4D06-8C3D-2D83E23DC73B}.Debug|Any CPU.Build.0 = Debug|Any CPU
		{B7701ABD-5E7F-4D06-8C3D-2D83E23DC73B}.Release|Any CPU.ActiveCfg = Release|Any CPU
		{B7701ABD-5E7F-4D06-8C3D-2D83E23DC73B}.Release|Any CPU.Build.0 = Release|Any CPU
	EndGlobalSection
	GlobalSection(SolutionProperties) = preSolution
		HideSolutionNode = FALSE
	EndGlobalSection
	GlobalSection(ExtensibilityGlobals) = postSolution
		SolutionGuid = {E3EEBBD4-627A-4CBA-9E88-0C3C3A83069E}
	EndGlobalSection
EndGlobal
